
Microsoft Visual Studio Solution File, Format Version 12.00
# Visual Studio 15
VisualStudioVersion = 15.0.26430.15
MinimumVisualStudioVersion = 10.0.40219.1
Project("{9A19103F-16F7-4668-BE54-9A1E7A4F7556}") = "NabStockTicker", "NabStockTicker\NabStockTicker.csproj", "{B7F237D2-1123-4DF6-B897-57D7941264D3}"
EndProject
Project("{9A19103F-16F7-4668-BE54-9A1E7A4F7556}") = "NabStockTickerSource", "NabStockTickerSource\NabStockTickerSource.csproj", "{5781075F-5529-4CC2-9B01-ED0E58A4EC66}"
EndProject
Project("{2150E333-8FDC-42A3-9474-1A3956D46DE8}") = "Unit Tests", "Unit Tests", "{5B91A18A-D9D7-4C0F-94D4-B670EB335753}"
EndProject
Project("{9A19103F-16F7-4668-BE54-9A1E7A4F7556}") = "NabStockTickerSource.Unit", "tests\NabStockTickerSource.Unit\NabStockTickerSource.Unit.csproj", "{FBA259B1-4825-4F7C-AA05-4ED1F6308CA7}"
EndProject
Project("{9A19103F-16F7-4668-BE54-9A1E7A4F7556}") = "NabStockTicker.Unit", "tests\NabStockTicker.Unit\NabStockTicker.Unit.csproj", "{63202738-1DD1-4E6D-B370-5ABFAB70EBA5}"
EndProject
Global
	GlobalSection(SolutionConfigurationPlatforms) = preSolution
		Debug|Any CPU = Debug|Any CPU
		Release|Any CPU = Release|Any CPU
	EndGlobalSection
	GlobalSection(ProjectConfigurationPlatforms) = postSolution
		{B7F237D2-1123-4DF6-B897-57D7941264D3}.Debug|Any CPU.ActiveCfg = Debug|Any CPU
		{B7F237D2-1123-4DF6-B897-57D7941264D3}.Debug|Any CPU.Build.0 = Debug|Any CPU
		{B7F237D2-1123-4DF6-B897-57D7941264D3}.Release|Any CPU.ActiveCfg = Release|Any CPU
		{B7F237D2-1123-4DF6-B897-57D7941264D3}.Release|Any CPU.Build.0 = Release|Any CPU
		{5781075F-5529-4CC2-9B01-ED0E58A4EC66}.Debug|Any CPU.ActiveCfg = Debug|Any CPU
		{5781075F-5529-4CC2-9B01-ED0E58A4EC66}.Debug|Any CPU.Build.0 = Debug|Any CPU
		{5781075F-5529-4CC2-9B01-ED0E58A4EC66}.Release|Any CPU.ActiveCfg = Release|Any CPU
		{5781075F-5529-4CC2-9B01-ED0E58A4EC66}.Release|Any CPU.Build.0 = Release|Any CPU
		{FBA259B1-4825-4F7C-AA05-4ED1F6308CA7}.Debug|Any CPU.ActiveCfg = Debug|Any CPU
		{FBA259B1-4825-4F7C-AA05-4ED1F6308CA7}.Debug|Any CPU.Build.0 = Debug|Any CPU
		{FBA259B1-4825-4F7C-AA05-4ED1F6308CA7}.Release|Any CPU.ActiveCfg = Release|Any CPU
		{FBA259B1-4825-4F7C-AA05-4ED1F6308CA7}.Release|Any CPU.Build.0 = Release|Any CPU
		{63202738-1DD1-4E6D-B370-5ABFAB70EBA5}.Debug|Any CPU.ActiveCfg = Debug|Any CPU
		{63202738-1DD1-4E6D-B370-5ABFAB70EBA5}.Debug|Any CPU.Build.0 = Debug|Any CPU
		{63202738-1DD1-4E6D-B370-5ABFAB70EBA5}.Release|Any CPU.ActiveCfg = Release|Any CPU
		{63202738-1DD1-4E6D-B370-5ABFAB70EBA5}.Release|Any CPU.Build.0 = Release|Any CPU
	EndGlobalSection
	GlobalSection(SolutionProperties) = preSolution
		HideSolutionNode = FALSE
	EndGlobalSection
	GlobalSection(NestedProjects) = preSolution
		{FBA259B1-4825-4F7C-AA05-4ED1F6308CA7} = {5B91A18A-D9D7-4C0F-94D4-B670EB335753}
		{63202738-1DD1-4E6D-B370-5ABFAB70EBA5} = {5B91A18A-D9D7-4C0F-94D4-B670EB335753}
	EndGlobalSection
EndGlobal
